// !$*UTF8*$!
{
	archiveVersion = 1;
	classes = {
	};
	objectVersion = 55;
	objects = {

/* Begin PBXBuildFile section */
		80198B2B28475FBD004494AB /* FruitDetailView.swift in Sources */ = {isa = PBXBuildFile; fileRef = 80198B2A28475FBD004494AB /* FruitDetailView.swift */; };
		80198B2D28476CA9004494AB /* FruitHeaderView.swift in Sources */ = {isa = PBXBuildFile; fileRef = 80198B2C28476CA9004494AB /* FruitHeaderView.swift */; };
		80198B30284770B0004494AB /* SourceLinkView.swift in Sources */ = {isa = PBXBuildFile; fileRef = 80198B2F284770B0004494AB /* SourceLinkView.swift */; };
		80198B32284780D2004494AB /* FruitNutrientsView.swift in Sources */ = {isa = PBXBuildFile; fileRef = 80198B31284780D2004494AB /* FruitNutrientsView.swift */; };
		80198B3428478A83004494AB /* SettingsView.swift in Sources */ = {isa = PBXBuildFile; fileRef = 80198B3328478A83004494AB /* SettingsView.swift */; };
		80198B36284793D2004494AB /* SettingsLabelView.swift in Sources */ = {isa = PBXBuildFile; fileRef = 80198B35284793D2004494AB /* SettingsLabelView.swift */; };
		80198B38284799CA004494AB /* SettingsRowView.swift in Sources */ = {isa = PBXBuildFile; fileRef = 80198B37284799CA004494AB /* SettingsRowView.swift */; };
		80AD79AD284627AB0071C118 /* FruitCardView.swift in Sources */ = {isa = PBXBuildFile; fileRef = 80AD79AC284627AB0071C118 /* FruitCardView.swift */; };
		80AD79AF28462D030071C118 /* StartButtonView.swift in Sources */ = {isa = PBXBuildFile; fileRef = 80AD79AE28462D030071C118 /* StartButtonView.swift */; };
		80AD79B1284633110071C118 /* OnboardingView.swift in Sources */ = {isa = PBXBuildFile; fileRef = 80AD79B0284633110071C118 /* OnboardingView.swift */; };
		80AD79B428464BF10071C118 /* FruitModel.swift in Sources */ = {isa = PBXBuildFile; fileRef = 80AD79B328464BF10071C118 /* FruitModel.swift */; };
		80AD79B728464DD00071C118 /* FruitData.swift in Sources */ = {isa = PBXBuildFile; fileRef = 80AD79B628464DD00071C118 /* FruitData.swift */; };
		80AD79B9284660970071C118 /* FruitRowView.swift in Sources */ = {isa = PBXBuildFile; fileRef = 80AD79B8284660970071C118 /* FruitRowView.swift */; };
		BED8C23C284551C900F82AD4 /* FructusApp.swift in Sources */ = {isa = PBXBuildFile; fileRef = BED8C23B284551C900F82AD4 /* FructusApp.swift */; };
		BED8C23E284551C900F82AD4 /* ContentView.swift in Sources */ = {isa = PBXBuildFile; fileRef = BED8C23D284551C900F82AD4 /* ContentView.swift */; };
		BED8C240284551CB00F82AD4 /* Assets.xcassets in Resources */ = {isa = PBXBuildFile; fileRef = BED8C23F284551CB00F82AD4 /* Assets.xcassets */; };
		BED8C243284551CB00F82AD4 /* Preview Assets.xcassets in Resources */ = {isa = PBXBuildFile; fileRef = BED8C242284551CB00F82AD4 /* Preview Assets.xcassets */; };
		BED8C24D284551CB00F82AD4 /* FructusTests.swift in Sources */ = {isa = PBXBuildFile; fileRef = BED8C24C284551CB00F82AD4 /* FructusTests.swift */; };
		BED8C257284551CB00F82AD4 /* FructusUITests.swift in Sources */ = {isa = PBXBuildFile; fileRef = BED8C256284551CB00F82AD4 /* FructusUITests.swift */; };
		BED8C259284551CB00F82AD4 /* FructusUITestsLaunchTests.swift in Sources */ = {isa = PBXBuildFile; fileRef = BED8C258284551CB00F82AD4 /* FructusUITestsLaunchTests.swift */; };
/* End PBXBuildFile section */

/* Begin PBXContainerItemProxy section */
		BED8C249284551CB00F82AD4 /* PBXContainerItemProxy */ = {
			isa = PBXContainerItemProxy;
			containerPortal = BED8C230284551C900F82AD4 /* Project object */;
			proxyType = 1;
			remoteGlobalIDString = BED8C237284551C900F82AD4;
			remoteInfo = Fructus;
		};
		BED8C253284551CB00F82AD4 /* PBXContainerItemProxy */ = {
			isa = PBXContainerItemProxy;
			containerPortal = BED8C230284551C900F82AD4 /* Project object */;
			proxyType = 1;
			remoteGlobalIDString = BED8C237284551C900F82AD4;
			remoteInfo = Fructus;
		};
/* End PBXContainerItemProxy section */

/* Begin PBXFileReference section */
		80198B2A28475FBD004494AB /* FruitDetailView.swift */ = {isa = PBXFileReference; lastKnownFileType = sourcecode.swift; path = FruitDetailView.swift; sourceTree = "<group>"; };
		80198B2C28476CA9004494AB /* FruitHeaderView.swift */ = {isa = PBXFileReference; lastKnownFileType = sourcecode.swift; path = FruitHeaderView.swift; sourceTree = "<group>"; };
		80198B2F284770B0004494AB /* SourceLinkView.swift */ = {isa = PBXFileReference; lastKnownFileType = sourcecode.swift; path = SourceLinkView.swift; sourceTree = "<group>"; };
		80198B31284780D2004494AB /* FruitNutrientsView.swift */ = {isa = PBXFileReference; lastKnownFileType = sourcecode.swift; path = FruitNutrientsView.swift; sourceTree = "<group>"; };
		80198B3328478A83004494AB /* SettingsView.swift */ = {isa = PBXFileReference; lastKnownFileType = sourcecode.swift; path = SettingsView.swift; sourceTree = "<group>"; };
		80198B35284793D2004494AB /* SettingsLabelView.swift */ = {isa = PBXFileReference; lastKnownFileType = sourcecode.swift; path = SettingsLabelView.swift; sourceTree = "<group>"; };
		80198B37284799CA004494AB /* SettingsRowView.swift */ = {isa = PBXFileReference; lastKnownFileType = sourcecode.swift; path = SettingsRowView.swift; sourceTree = "<group>"; };
		80AD79AC284627AB0071C118 /* FruitCardView.swift */ = {isa = PBXFileReference; lastKnownFileType = sourcecode.swift; path = FruitCardView.swift; sourceTree = "<group>"; };
		80AD79AE28462D030071C118 /* StartButtonView.swift */ = {isa = PBXFileReference; lastKnownFileType = sourcecode.swift; path = StartButtonView.swift; sourceTree = "<group>"; };
		80AD79B0284633110071C118 /* OnboardingView.swift */ = {isa = PBXFileReference; lastKnownFileType = sourcecode.swift; path = OnboardingView.swift; sourceTree = "<group>"; };
		80AD79B328464BF10071C118 /* FruitModel.swift */ = {isa = PBXFileReference; lastKnownFileType = sourcecode.swift; path = FruitModel.swift; sourceTree = "<group>"; };
		80AD79B628464DD00071C118 /* FruitData.swift */ = {isa = PBXFileReference; lastKnownFileType = sourcecode.swift; path = FruitData.swift; sourceTree = "<group>"; };
		80AD79B8284660970071C118 /* FruitRowView.swift */ = {isa = PBXFileReference; lastKnownFileType = sourcecode.swift; path = FruitRowView.swift; sourceTree = "<group>"; };
		BED8C238284551C900F82AD4 /* Fructus.app */ = {isa = PBXFileReference; explicitFileType = wrapper.application; includeInIndex = 0; path = Fructus.app; sourceTree = BUILT_PRODUCTS_DIR; };
		BED8C23B284551C900F82AD4 /* FructusApp.swift */ = {isa = PBXFileReference; lastKnownFileType = sourcecode.swift; path = FructusApp.swift; sourceTree = "<group>"; };
		BED8C23D284551C900F82AD4 /* ContentView.swift */ = {isa = PBXFileReference; lastKnownFileType = sourcecode.swift; path = ContentView.swift; sourceTree = "<group>"; };
		BED8C23F284551CB00F82AD4 /* Assets.xcassets */ = {isa = PBXFileReference; lastKnownFileType = folder.assetcatalog; path = Assets.xcassets; sourceTree = "<group>"; };
		BED8C242284551CB00F82AD4 /* Preview Assets.xcassets */ = {isa = PBXFileReference; lastKnownFileType = folder.assetcatalog; path = "Preview Assets.xcassets"; sourceTree = "<group>"; };
		BED8C248284551CB00F82AD4 /* FructusTests.xctest */ = {isa = PBXFileReference; explicitFileType = wrapper.cfbundle; includeInIndex = 0; path = FructusTests.xctest; sourceTree = BUILT_PRODUCTS_DIR; };
		BED8C24C284551CB00F82AD4 /* FructusTests.swift */ = {isa = PBXFileReference; lastKnownFileType = sourcecode.swift; path = FructusTests.swift; sourceTree = "<group>"; };
		BED8C252284551CB00F82AD4 /* FructusUITests.xctest */ = {isa = PBXFileReference; explicitFileType = wrapper.cfbundle; includeInIndex = 0; path = FructusUITests.xctest; sourceTree = BUILT_PRODUCTS_DIR; };
		BED8C256284551CB00F82AD4 /* FructusUITests.swift */ = {isa = PBXFileReference; lastKnownFileType = sourcecode.swift; path = FructusUITests.swift; sourceTree = "<group>"; };
		BED8C258284551CB00F82AD4 /* FructusUITestsLaunchTests.swift */ = {isa = PBXFileReference; lastKnownFileType = sourcecode.swift; path = FructusUITestsLaunchTests.swift; sourceTree = "<group>"; };
/* End PBXFileReference section */

/* Begin PBXFrameworksBuildPhase section */
		BED8C235284551C900F82AD4 /* Frameworks */ = {
			isa = PBXFrameworksBuildPhase;
			buildActionMask = 2147483647;
			files = (
			);
			runOnlyForDeploymentPostprocessing = 0;
		};
		BED8C245284551CB00F82AD4 /* Frameworks */ = {
			isa = PBXFrameworksBuildPhase;
			buildActionMask = 2147483647;
			files = (
			);
			runOnlyForDeploymentPostprocessing = 0;
		};
		BED8C24F284551CB00F82AD4 /* Frameworks */ = {
			isa = PBXFrameworksBuildPhase;
			buildActionMask = 2147483647;
			files = (
			);
			runOnlyForDeploymentPostprocessing = 0;
		};
/* End PBXFrameworksBuildPhase section */

/* Begin PBXGroup section */
		80AD79AA284626BA0071C118 /* App */ = {
			isa = PBXGroup;
			children = (
				BED8C23B284551C900F82AD4 /* FructusApp.swift */,
				BED8C23D284551C900F82AD4 /* ContentView.swift */,
				80AD79B0284633110071C118 /* OnboardingView.swift */,
				80198B2A28475FBD004494AB /* FruitDetailView.swift */,
				80198B31284780D2004494AB /* FruitNutrientsView.swift */,
				80198B3328478A83004494AB /* SettingsView.swift */,
			);
			path = App;
			sourceTree = "<group>";
		};
		80AD79AB284627910071C118 /* Views */ = {
			isa = PBXGroup;
			children = (
				80AD79AC284627AB0071C118 /* FruitCardView.swift */,
				80AD79AE28462D030071C118 /* StartButtonView.swift */,
				80AD79B8284660970071C118 /* FruitRowView.swift */,
				80198B2C28476CA9004494AB /* FruitHeaderView.swift */,
				80198B2F284770B0004494AB /* SourceLinkView.swift */,
				80198B35284793D2004494AB /* SettingsLabelView.swift */,
				80198B37284799CA004494AB /* SettingsRowView.swift */,
			);
			path = Views;
			sourceTree = "<group>";
		};
		80AD79B228464BD80071C118 /* Models */ = {
			isa = PBXGroup;
			children = (
				80AD79B328464BF10071C118 /* FruitModel.swift */,
			);
			path = Models;
			sourceTree = "<group>";
		};
		80AD79B528464DA00071C118 /* Data */ = {
			isa = PBXGroup;
			children = (
				80AD79B628464DD00071C118 /* FruitData.swift */,
			);
			path = Data;
			sourceTree = "<group>";
		};
		BED8C22F284551C900F82AD4 = {
			isa = PBXGroup;
			children = (
				BED8C23A284551C900F82AD4 /* Fructus */,
				BED8C24B284551CB00F82AD4 /* FructusTests */,
				BED8C255284551CB00F82AD4 /* FructusUITests */,
				BED8C239284551C900F82AD4 /* Products */,
			);
			sourceTree = "<group>";
		};
		BED8C239284551C900F82AD4 /* Products */ = {
			isa = PBXGroup;
			children = (
				BED8C238284551C900F82AD4 /* Fructus.app */,
				BED8C248284551CB00F82AD4 /* FructusTests.xctest */,
				BED8C252284551CB00F82AD4 /* FructusUITests.xctest */,
			);
			name = Products;
			sourceTree = "<group>";
		};
		BED8C23A284551C900F82AD4 /* Fructus */ = {
			isa = PBXGroup;
			children = (
				80AD79B528464DA00071C118 /* Data */,
				80AD79B228464BD80071C118 /* Models */,
				80AD79AB284627910071C118 /* Views */,
				80AD79AA284626BA0071C118 /* App */,
				BED8C23F284551CB00F82AD4 /* Assets.xcassets */,
				BED8C241284551CB00F82AD4 /* Preview Content */,
			);
			path = Fructus;
			sourceTree = "<group>";
		};
		BED8C241284551CB00F82AD4 /* Preview Content */ = {
			isa = PBXGroup;
			children = (
				BED8C242284551CB00F82AD4 /* Preview Assets.xcassets */,
			);
			path = "Preview Content";
			sourceTree = "<group>";
		};
		BED8C24B284551CB00F82AD4 /* FructusTests */ = {
			isa = PBXGroup;
			children = (
				BED8C24C284551CB00F82AD4 /* FructusTests.swift */,
			);
			path = FructusTests;
			sourceTree = "<group>";
		};
		BED8C255284551CB00F82AD4 /* FructusUITests */ = {
			isa = PBXGroup;
			children = (
				BED8C256284551CB00F82AD4 /* FructusUITests.swift */,
				BED8C258284551CB00F82AD4 /* FructusUITestsLaunchTests.swift */,
			);
			path = FructusUITests;
			sourceTree = "<group>";
		};
/* End PBXGroup section */

/* Begin PBXNativeTarget section */
		BED8C237284551C900F82AD4 /* Fructus */ = {
			isa = PBXNativeTarget;
			buildConfigurationList = BED8C25C284551CB00F82AD4 /* Build configuration list for PBXNativeTarget "Fructus" */;
			buildPhases = (
				BED8C234284551C900F82AD4 /* Sources */,
				BED8C235284551C900F82AD4 /* Frameworks */,
				BED8C236284551C900F82AD4 /* Resources */,
			);
			buildRules = (
			);
			dependencies = (
			);
			name = Fructus;
			productName = Fructus;
			productReference = BED8C238284551C900F82AD4 /* Fructus.app */;
			productType = "com.apple.product-type.application";
		};
		BED8C247284551CB00F82AD4 /* FructusTests */ = {
			isa = PBXNativeTarget;
			buildConfigurationList = BED8C25F284551CB00F82AD4 /* Build configuration list for PBXNativeTarget "FructusTests" */;
			buildPhases = (
				BED8C244284551CB00F82AD4 /* Sources */,
				BED8C245284551CB00F82AD4 /* Frameworks */,
				BED8C246284551CB00F82AD4 /* Resources */,
			);
			buildRules = (
			);
			dependencies = (
				BED8C24A284551CB00F82AD4 /* PBXTargetDependency */,
			);
			name = FructusTests;
			productName = FructusTests;
			productReference = BED8C248284551CB00F82AD4 /* FructusTests.xctest */;
			productType = "com.apple.product-type.bundle.unit-test";
		};
		BED8C251284551CB00F82AD4 /* FructusUITests */ = {
			isa = PBXNativeTarget;
			buildConfigurationList = BED8C262284551CB00F82AD4 /* Build configuration list for PBXNativeTarget "FructusUITests" */;
			buildPhases = (
				BED8C24E284551CB00F82AD4 /* Sources */,
				BED8C24F284551CB00F82AD4 /* Frameworks */,
				BED8C250284551CB00F82AD4 /* Resources */,
			);
			buildRules = (
			);
			dependencies = (
				BED8C254284551CB00F82AD4 /* PBXTargetDependency */,
			);
			name = FructusUITests;
			productName = FructusUITests;
			productReference = BED8C252284551CB00F82AD4 /* FructusUITests.xctest */;
			productType = "com.apple.product-type.bundle.ui-testing";
		};
/* End PBXNativeTarget section */

/* Begin PBXProject section */
		BED8C230284551C900F82AD4 /* Project object */ = {
			isa = PBXProject;
			attributes = {
				BuildIndependentTargetsInParallel = 1;
				LastSwiftUpdateCheck = 1330;
				LastUpgradeCheck = 1330;
				TargetAttributes = {
					BED8C237284551C900F82AD4 = {
						CreatedOnToolsVersion = 13.3.1;
					};
					BED8C247284551CB00F82AD4 = {
						CreatedOnToolsVersion = 13.3.1;
						TestTargetID = BED8C237284551C900F82AD4;
					};
					BED8C251284551CB00F82AD4 = {
						CreatedOnToolsVersion = 13.3.1;
						TestTargetID = BED8C237284551C900F82AD4;
					};
				};
			};
			buildConfigurationList = BED8C233284551C900F82AD4 /* Build configuration list for PBXProject "Fructus" */;
			compatibilityVersion = "Xcode 13.0";
			developmentRegion = en;
			hasScannedForEncodings = 0;
			knownRegions = (
				en,
				Base,
			);
			mainGroup = BED8C22F284551C900F82AD4;
			productRefGroup = BED8C239284551C900F82AD4 /* Products */;
			projectDirPath = "";
			projectRoot = "";
			targets = (
				BED8C237284551C900F82AD4 /* Fructus */,
				BED8C247284551CB00F82AD4 /* FructusTests */,
				BED8C251284551CB00F82AD4 /* FructusUITests */,
			);
		};
/* End PBXProject section */

/* Begin PBXResourcesBuildPhase section */
		BED8C236284551C900F82AD4 /* Resources */ = {
			isa = PBXResourcesBuildPhase;
			buildActionMask = 2147483647;
			files = (
				BED8C243284551CB00F82AD4 /* Preview Assets.xcassets in Resources */,
				BED8C240284551CB00F82AD4 /* Assets.xcassets in Resources */,
			);
			runOnlyForDeploymentPostprocessing = 0;
		};
		BED8C246284551CB00F82AD4 /* Resources */ = {
			isa = PBXResourcesBuildPhase;
			buildActionMask = 2147483647;
			files = (
			);
			runOnlyForDeploymentPostprocessing = 0;
		};
		BED8C250284551CB00F82AD4 /* Resources */ = {
			isa = PBXResourcesBuildPhase;
			buildActionMask = 2147483647;
			files = (
			);
			runOnlyForDeploymentPostprocessing = 0;
		};
/* End PBXResourcesBuildPhase section */

/* Begin PBXSourcesBuildPhase section */
		BED8C234284551C900F82AD4 /* Sources */ = {
			isa = PBXSourcesBuildPhase;
			buildActionMask = 2147483647;
			files = (
				80AD79B728464DD00071C118 /* FruitData.swift in Sources */,
				80198B30284770B0004494AB /* SourceLinkView.swift in Sources */,
				80198B38284799CA004494AB /* SettingsRowView.swift in Sources */,
				80AD79AD284627AB0071C118 /* FruitCardView.swift in Sources */,
				80AD79B9284660970071C118 /* FruitRowView.swift in Sources */,
				80198B32284780D2004494AB /* FruitNutrientsView.swift in Sources */,
				80AD79AF28462D030071C118 /* StartButtonView.swift in Sources */,
				80198B2B28475FBD004494AB /* FruitDetailView.swift in Sources */,
				BED8C23E284551C900F82AD4 /* ContentView.swift in Sources */,
				80198B2D28476CA9004494AB /* FruitHeaderView.swift in Sources */,
				80AD79B1284633110071C118 /* OnboardingView.swift in Sources */,
				80198B36284793D2004494AB /* SettingsLabelView.swift in Sources */,
				80AD79B428464BF10071C118 /* FruitModel.swift in Sources */,
				BED8C23C284551C900F82AD4 /* FructusApp.swift in Sources */,
				80198B3428478A83004494AB /* SettingsView.swift in Sources */,
			);
			runOnlyForDeploymentPostprocessing = 0;
		};
		BED8C244284551CB00F82AD4 /* Sources */ = {
			isa = PBXSourcesBuildPhase;
			buildActionMask = 2147483647;
			files = (
				BED8C24D284551CB00F82AD4 /* FructusTests.swift in Sources */,
			);
			runOnlyForDeploymentPostprocessing = 0;
		};
		BED8C24E284551CB00F82AD4 /* Sources */ = {
			isa = PBXSourcesBuildPhase;
			buildActionMask = 2147483647;
			files = (
				BED8C257284551CB00F82AD4 /* FructusUITests.swift in Sources */,
				BED8C259284551CB00F82AD4 /* FructusUITestsLaunchTests.swift in Sources */,
			);
			runOnlyForDeploymentPostprocessing = 0;
		};
/* End PBXSourcesBuildPhase section */

/* Begin PBXTargetDependency section */
		BED8C24A284551CB00F82AD4 /* PBXTargetDependency */ = {
			isa = PBXTargetDependency;
			target = BED8C237284551C900F82AD4 /* Fructus */;
			targetProxy = BED8C249284551CB00F82AD4 /* PBXContainerItemProxy */;
		};
		BED8C254284551CB00F82AD4 /* PBXTargetDependency */ = {
			isa = PBXTargetDependency;
			target = BED8C237284551C900F82AD4 /* Fructus */;
			targetProxy = BED8C253284551CB00F82AD4 /* PBXContainerItemProxy */;
		};
/* End PBXTargetDependency section */

/* Begin XCBuildConfiguration section */
		BED8C25A284551CB00F82AD4 /* Debug */ = {
			isa = XCBuildConfiguration;
			buildSettings = {
				ALWAYS_SEARCH_USER_PATHS = NO;
				CLANG_ANALYZER_NONNULL = YES;
				CLANG_ANALYZER_NUMBER_OBJECT_CONVERSION = YES_AGGRESSIVE;
				CLANG_CXX_LANGUAGE_STANDARD = "gnu++17";
				CLANG_ENABLE_MODULES = YES;
				CLANG_ENABLE_OBJC_ARC = YES;
				CLANG_ENABLE_OBJC_WEAK = YES;
				CLANG_WARN_BLOCK_CAPTURE_AUTORELEASING = YES;
				CLANG_WARN_BOOL_CONVERSION = YES;
				CLANG_WARN_COMMA = YES;
				CLANG_WARN_CONSTANT_CONVERSION = YES;
				CLANG_WARN_DEPRECATED_OBJC_IMPLEMENTATIONS = YES;
				CLANG_WARN_DIRECT_OBJC_ISA_USAGE = YES_ERROR;
				CLANG_WARN_DOCUMENTATION_COMMENTS = YES;
				CLANG_WARN_EMPTY_BODY = YES;
				CLANG_WARN_ENUM_CONVERSION = YES;
				CLANG_WARN_INFINITE_RECURSION = YES;
				CLANG_WARN_INT_CONVERSION = YES;
				CLANG_WARN_NON_LITERAL_NULL_CONVERSION = YES;
				CLANG_WARN_OBJC_IMPLICIT_RETAIN_SELF = YES;
				CLANG_WARN_OBJC_LITERAL_CONVERSION = YES;
				CLANG_WARN_OBJC_ROOT_CLASS = YES_ERROR;
				CLANG_WARN_QUOTED_INCLUDE_IN_FRAMEWORK_HEADER = YES;
				CLANG_WARN_RANGE_LOOP_ANALYSIS = YES;
				CLANG_WARN_STRICT_PROTOTYPES = YES;
				CLANG_WARN_SUSPICIOUS_MOVE = YES;
				CLANG_WARN_UNGUARDED_AVAILABILITY = YES_AGGRESSIVE;
				CLANG_WARN_UNREACHABLE_CODE = YES;
				CLANG_WARN__DUPLICATE_METHOD_MATCH = YES;
				COPY_PHASE_STRIP = NO;
				DEBUG_INFORMATION_FORMAT = dwarf;
				ENABLE_STRICT_OBJC_MSGSEND = YES;
				ENABLE_TESTABILITY = YES;
				GCC_C_LANGUAGE_STANDARD = gnu11;
				GCC_DYNAMIC_NO_PIC = NO;
				GCC_NO_COMMON_BLOCKS = YES;
				GCC_OPTIMIZATION_LEVEL = 0;
				GCC_PREPROCESSOR_DEFINITIONS = (
					"DEBUG=1",
					"$(inherited)",
				);
				GCC_WARN_64_TO_32_BIT_CONVERSION = YES;
				GCC_WARN_ABOUT_RETURN_TYPE = YES_ERROR;
				GCC_WARN_UNDECLARED_SELECTOR = YES;
				GCC_WARN_UNINITIALIZED_AUTOS = YES_AGGRESSIVE;
				GCC_WARN_UNUSED_FUNCTION = YES;
				GCC_WARN_UNUSED_VARIABLE = YES;
				IPHONEOS_DEPLOYMENT_TARGET = 15.0;
				MTL_ENABLE_DEBUG_INFO = INCLUDE_SOURCE;
				MTL_FAST_MATH = YES;
				ONLY_ACTIVE_ARCH = YES;
				SDKROOT = iphoneos;
				SWIFT_ACTIVE_COMPILATION_CONDITIONS = DEBUG;
				SWIFT_OPTIMIZATION_LEVEL = "-Onone";
			};
			name = Debug;
		};
		BED8C25B284551CB00F82AD4 /* Release */ = {
			isa = XCBuildConfiguration;
			buildSettings = {
				ALWAYS_SEARCH_USER_PATHS = NO;
				CLANG_ANALYZER_NONNULL = YES;
				CLANG_ANALYZER_NUMBER_OBJECT_CONVERSION = YES_AGGRESSIVE;
				CLANG_CXX_LANGUAGE_STANDARD = "gnu++17";
				CLANG_ENABLE_MODULES = YES;
				CLANG_ENABLE_OBJC_ARC = YES;
				CLANG_ENABLE_OBJC_WEAK = YES;
				CLANG_WARN_BLOCK_CAPTURE_AUTORELEASING = YES;
				CLANG_WARN_BOOL_CONVERSION = YES;
				CLANG_WARN_COMMA = YES;
				CLANG_WARN_CONSTANT_CONVERSION = YES;
				CLANG_WARN_DEPRECATED_OBJC_IMPLEMENTATIONS = YES;
				CLANG_WARN_DIRECT_OBJC_ISA_USAGE = YES_ERROR;
				CLANG_WARN_DOCUMENTATION_COMMENTS = YES;
				CLANG_WARN_EMPTY_BODY = YES;
				CLANG_WARN_ENUM_CONVERSION = YES;
				CLANG_WARN_INFINITE_RECURSION = YES;
				CLANG_WARN_INT_CONVERSION = YES;
				CLANG_WARN_NON_LITERAL_NULL_CONVERSION = YES;
				CLANG_WARN_OBJC_IMPLICIT_RETAIN_SELF = YES;
				CLANG_WARN_OBJC_LITERAL_CONVERSION = YES;
				CLANG_WARN_OBJC_ROOT_CLASS = YES_ERROR;
				CLANG_WARN_QUOTED_INCLUDE_IN_FRAMEWORK_HEADER = YES;
				CLANG_WARN_RANGE_LOOP_ANALYSIS = YES;
				CLANG_WARN_STRICT_PROTOTYPES = YES;
				CLANG_WARN_SUSPICIOUS_MOVE = YES;
				CLANG_WARN_UNGUARDED_AVAILABILITY = YES_AGGRESSIVE;
				CLANG_WARN_UNREACHABLE_CODE = YES;
				CLANG_WARN__DUPLICATE_METHOD_MATCH = YES;
				COPY_PHASE_STRIP = NO;
				DEBUG_INFORMATION_FORMAT = "dwarf-with-dsym";
				ENABLE_NS_ASSERTIONS = NO;
				ENABLE_STRICT_OBJC_MSGSEND = YES;
				GCC_C_LANGUAGE_STANDARD = gnu11;
				GCC_NO_COMMON_BLOCKS = YES;
				GCC_WARN_64_TO_32_BIT_CONVERSION = YES;
				GCC_WARN_ABOUT_RETURN_TYPE = YES_ERROR;
				GCC_WARN_UNDECLARED_SELECTOR = YES;
				GCC_WARN_UNINITIALIZED_AUTOS = YES_AGGRESSIVE;
				GCC_WARN_UNUSED_FUNCTION = YES;
				GCC_WARN_UNUSED_VARIABLE = YES;
				IPHONEOS_DEPLOYMENT_TARGET = 15.0;
				MTL_ENABLE_DEBUG_INFO = NO;
				MTL_FAST_MATH = YES;
				SDKROOT = iphoneos;
				SWIFT_COMPILATION_MODE = wholemodule;
				SWIFT_OPTIMIZATION_LEVEL = "-O";
				VALIDATE_PRODUCT = YES;
			};
			name = Release;
		};
		BED8C25D284551CB00F82AD4 /* Debug */ = {
			isa = XCBuildConfiguration;
			buildSettings = {
				ASSETCATALOG_COMPILER_APPICON_NAME = AppIcon;
				ASSETCATALOG_COMPILER_GLOBAL_ACCENT_COLOR_NAME = AccentColor;
				CODE_SIGN_STYLE = Automatic;
				CURRENT_PROJECT_VERSION = 1;
				DEVELOPMENT_ASSET_PATHS = "\"Fructus/Preview Content\"";
				DEVELOPMENT_TEAM = 32V376GWJH;
				ENABLE_PREVIEWS = YES;
				GENERATE_INFOPLIST_FILE = YES;
				INFOPLIST_KEY_UIApplicationSceneManifest_Generation = YES;
				INFOPLIST_KEY_UIApplicationSupportsIndirectInputEvents = YES;
				INFOPLIST_KEY_UILaunchScreen_Generation = YES;
				INFOPLIST_KEY_UISupportedInterfaceOrientations_iPad = "UIInterfaceOrientationPortrait UIInterfaceOrientationPortraitUpsideDown UIInterfaceOrientationLandscapeLeft UIInterfaceOrientationLandscapeRight";
				INFOPLIST_KEY_UISupportedInterfaceOrientations_iPhone = "UIInterfaceOrientationPortrait UIInterfaceOrientationLandscapeLeft UIInterfaceOrientationLandscapeRight";
				LD_RUNPATH_SEARCH_PATHS = (
					"$(inherited)",
					"@executable_path/Frameworks",
				);
				MARKETING_VERSION = 1.0;
				PRODUCT_BUNDLE_IDENTIFIER = com.codemaker.Fructus;
				PRODUCT_NAME = "$(TARGET_NAME)";
				SWIFT_EMIT_LOC_STRINGS = YES;
				SWIFT_VERSION = 5.0;
				TARGETED_DEVICE_FAMILY = "1,2";
			};
			name = Debug;
		};
		BED8C25E284551CB00F82AD4 /* Release */ = {
			isa = XCBuildConfiguration;
			buildSettings = {
				ASSETCATALOG_COMPILER_APPICON_NAME = AppIcon;
				ASSETCATALOG_COMPILER_GLOBAL_ACCENT_COLOR_NAME = AccentColor;
				CODE_SIGN_STYLE = Automatic;
				CURRENT_PROJECT_VERSION = 1;
				DEVELOPMENT_ASSET_PATHS = "\"Fructus/Preview Content\"";
				DEVELOPMENT_TEAM = 32V376GWJH;
				ENABLE_PREVIEWS = YES;
				GENERATE_INFOPLIST_FILE = YES;
				INFOPLIST_KEY_UIApplicationSceneManifest_Generation = YES;
				INFOPLIST_KEY_UIApplicationSupportsIndirectInputEvents = YES;
				INFOPLIST_KEY_UILaunchScreen_Generation = YES;
				INFOPLIST_KEY_UISupportedInterfaceOrientations_iPad = "UIInterfaceOrientationPortrait UIInterfaceOrientationPortraitUpsideDown UIInterfaceOrientationLandscapeLeft UIInterfaceOrientationLandscapeRight";
				INFOPLIST_KEY_UISupportedInterfaceOrientations_iPhone = "UIInterfaceOrientationPortrait UIInterfaceOrientationLandscapeLeft UIInterfaceOrientationLandscapeRight";
				LD_RUNPATH_SEARCH_PATHS = (
					"$(inherited)",
					"@executable_path/Frameworks",
				);
				MARKETING_VERSION = 1.0;
				PRODUCT_BUNDLE_IDENTIFIER = com.codemaker.Fructus;
				PRODUCT_NAME = "$(TARGET_NAME)";
				SWIFT_EMIT_LOC_STRINGS = YES;
				SWIFT_VERSION = 5.0;
				TARGETED_DEVICE_FAMILY = "1,2";
			};
			name = Release;
		};
		BED8C260284551CB00F82AD4 /* Debug */ = {
			isa = XCBuildConfiguration;
			buildSettings = {
				ALWAYS_EMBED_SWIFT_STANDARD_LIBRARIES = YES;
				BUNDLE_LOADER = "$(TEST_HOST)";
				CODE_SIGN_STYLE = Automatic;
				CURRENT_PROJECT_VERSION = 1;
				DEVELOPMENT_TEAM = 32V376GWJH;
				GENERATE_INFOPLIST_FILE = YES;
				IPHONEOS_DEPLOYMENT_TARGET = 15.4;
				MARKETING_VERSION = 1.0;
				PRODUCT_BUNDLE_IDENTIFIER = com.codemaker.FructusTests;
				PRODUCT_NAME = "$(TARGET_NAME)";
				SWIFT_EMIT_LOC_STRINGS = NO;
				SWIFT_VERSION = 5.0;
				TARGETED_DEVICE_FAMILY = "1,2";
				TEST_HOST = "$(BUILT_PRODUCTS_DIR)/Fructus.app/Fructus";
			};
			name = Debug;
		};
		BED8C261284551CB00F82AD4 /* Release */ = {
			isa = XCBuildConfiguration;
			buildSettings = {
				ALWAYS_EMBED_SWIFT_STANDARD_LIBRARIES = YES;
				BUNDLE_LOADER = "$(TEST_HOST)";
				CODE_SIGN_STYLE = Automatic;
				CURRENT_PROJECT_VERSION = 1;
				DEVELOPMENT_TEAM = 32V376GWJH;
				GENERATE_INFOPLIST_FILE = YES;
				IPHONEOS_DEPLOYMENT_TARGET = 15.4;
				MARKETING_VERSION = 1.0;
				PRODUCT_BUNDLE_IDENTIFIER = com.codemaker.FructusTests;
				PRODUCT_NAME = "$(TARGET_NAME)";
				SWIFT_EMIT_LOC_STRINGS = NO;
				SWIFT_VERSION = 5.0;
				TARGETED_DEVICE_FAMILY = "1,2";
				TEST_HOST = "$(BUILT_PRODUCTS_DIR)/Fructus.app/Fructus";
			};
			name = Release;
		};
		BED8C263284551CB00F82AD4 /* Debug */ = {
			isa = XCBuildConfiguration;
			buildSettings = {
				ALWAYS_EMBED_SWIFT_STANDARD_LIBRARIES = YES;
				CODE_SIGN_STYLE = Automatic;
				CURRENT_PROJECT_VERSION = 1;
				DEVELOPMENT_TEAM = 32V376GWJH;
				GENERATE_INFOPLIST_FILE = YES;
				MARKETING_VERSION = 1.0;
				PRODUCT_BUNDLE_IDENTIFIER = com.codemaker.FructusUITests;
				PRODUCT_NAME = "$(TARGET_NAME)";
				SWIFT_EMIT_LOC_STRINGS = NO;
				SWIFT_VERSION = 5.0;
				TARGETED_DEVICE_FAMILY = "1,2";
				TEST_TARGET_NAME = Fructus;
			};
			name = Debug;
		};
		BED8C264284551CB00F82AD4 /* Release */ = {
			isa = XCBuildConfiguration;
			buildSettings = {
				ALWAYS_EMBED_SWIFT_STANDARD_LIBRARIES = YES;
				CODE_SIGN_STYLE = Automatic;
				CURRENT_PROJECT_VERSION = 1;
				DEVELOPMENT_TEAM = 32V376GWJH;
				GENERATE_INFOPLIST_FILE = YES;
				MARKETING_VERSION = 1.0;
				PRODUCT_BUNDLE_IDENTIFIER = com.codemaker.FructusUITests;
				PRODUCT_NAME = "$(TARGET_NAME)";
				SWIFT_EMIT_LOC_STRINGS = NO;
				SWIFT_VERSION = 5.0;
				TARGETED_DEVICE_FAMILY = "1,2";
				TEST_TARGET_NAME = Fructus;
			};
			name = Release;
		};
/* End XCBuildConfiguration section */

/* Begin XCConfigurationList section */
		BED8C233284551C900F82AD4 /* Build configuration list for PBXProject "Fructus" */ = {
			isa = XCConfigurationList;
			buildConfigurations = (
				BED8C25A284551CB00F82AD4 /* Debug */,
				BED8C25B284551CB00F82AD4 /* Release */,
			);
			defaultConfigurationIsVisible = 0;
			defaultConfigurationName = Release;
		};
		BED8C25C284551CB00F82AD4 /* Build configuration list for PBXNativeTarget "Fructus" */ = {
			isa = XCConfigurationList;
			buildConfigurations = (
				BED8C25D284551CB00F82AD4 /* Debug */,
				BED8C25E284551CB00F82AD4 /* Release */,
			);
			defaultConfigurationIsVisible = 0;
			defaultConfigurationName = Release;
		};
		BED8C25F284551CB00F82AD4 /* Build configuration list for PBXNativeTarget "FructusTests" */ = {
			isa = XCConfigurationList;
			buildConfigurations = (
				BED8C260284551CB00F82AD4 /* Debug */,
				BED8C261284551CB00F82AD4 /* Release */,
			);
			defaultConfigurationIsVisible = 0;
			defaultConfigurationName = Release;
		};
		BED8C262284551CB00F82AD4 /* Build configuration list for PBXNativeTarget "FructusUITests" */ = {
			isa = XCConfigurationList;
			buildConfigurations = (
				BED8C263284551CB00F82AD4 /* Debug */,
				BED8C264284551CB00F82AD4 /* Release */,
			);
			defaultConfigurationIsVisible = 0;
			defaultConfigurationName = Release;
		};
/* End XCConfigurationList section */
	};
	rootObject = BED8C230284551C900F82AD4 /* Project object */;
}
